// !$*UTF8*$!
{
	archiveVersion = 1;
	classes = {
	};
	objectVersion = 56;
	objects = {

/* Begin PBXBuildFile section */
		42044DA028DFF49E0072AE75 /* Camera.swift in Sources */ = {isa = PBXBuildFile; fileRef = 42044D9F28DFF49E0072AE75 /* Camera.swift */; };
		42044DA228DFF4BC0072AE75 /* Supplies.swift in Sources */ = {isa = PBXBuildFile; fileRef = 42044DA128DFF4BC0072AE75 /* Supplies.swift */; };
		42044DA428DFF4C20072AE75 /* Summary.swift in Sources */ = {isa = PBXBuildFile; fileRef = 42044DA328DFF4C20072AE75 /* Summary.swift */; };
		42044DA728DFF5FD0072AE75 /* login.swift in Sources */ = {isa = PBXBuildFile; fileRef = 42044DA628DFF5FD0072AE75 /* login.swift */; };
		7D21939428DFDCD1008E2845 /* Mckesson_App.swift in Sources */ = {isa = PBXBuildFile; fileRef = 7D21939328DFDCD1008E2845 /* Mckesson_App.swift */; };
		7D21939628DFDCD1008E2845 /* ContentView.swift in Sources */ = {isa = PBXBuildFile; fileRef = 7D21939528DFDCD1008E2845 /* ContentView.swift */; };
		7D21939828DFDCD3008E2845 /* Assets.xcassets in Resources */ = {isa = PBXBuildFile; fileRef = 7D21939728DFDCD3008E2845 /* Assets.xcassets */; };
		7D21939B28DFDCD3008E2845 /* Preview Assets.xcassets in Resources */ = {isa = PBXBuildFile; fileRef = 7D21939A28DFDCD3008E2845 /* Preview Assets.xcassets */; };
/* End PBXBuildFile section */

/* Begin PBXFileReference section */
		42044D9F28DFF49E0072AE75 /* Camera.swift */ = {isa = PBXFileReference; fileEncoding = 4; lastKnownFileType = sourcecode.swift; name = Camera.swift; path = "../../../../Library/Mobile Documents/com~apple~CloudDocs/.Trash/Views/Camera.swift"; sourceTree = "<group>"; };
		42044DA128DFF4BC0072AE75 /* Supplies.swift */ = {isa = PBXFileReference; fileEncoding = 4; lastKnownFileType = sourcecode.swift; name = Supplies.swift; path = "../../../../Library/Mobile Documents/com~apple~CloudDocs/.Trash/Views/Supplies.swift"; sourceTree = "<group>"; };
		42044DA328DFF4C20072AE75 /* Summary.swift */ = {isa = PBXFileReference; fileEncoding = 4; lastKnownFileType = sourcecode.swift; name = Summary.swift; path = "../../../../Library/Mobile Documents/com~apple~CloudDocs/.Trash/Views/Summary.swift"; sourceTree = "<group>"; };
		42044DA528DFF5BE0072AE75 /* Mckesson+ */ = {isa = PBXFileReference; lastKnownFileType = text; path = "Mckesson+"; sourceTree = SOURCE_ROOT; };
		42044DA628DFF5FD0072AE75 /* login.swift */ = {isa = PBXFileReference; lastKnownFileType = sourcecode.swift; name = login.swift; path = "Mckesson+/Views/login.swift"; sourceTree = SOURCE_ROOT; };
		7D21939028DFDCD1008E2845 /* Mckesson+.app */ = {isa = PBXFileReference; explicitFileType = wrapper.application; includeInIndex = 0; path = "Mckesson+.app"; sourceTree = BUILT_PRODUCTS_DIR; };
		7D21939328DFDCD1008E2845 /* Mckesson_App.swift */ = {isa = PBXFileReference; lastKnownFileType = sourcecode.swift; path = Mckesson_App.swift; sourceTree = "<group>"; };
		7D21939528DFDCD1008E2845 /* ContentView.swift */ = {isa = PBXFileReference; lastKnownFileType = sourcecode.swift; path = ContentView.swift; sourceTree = "<group>"; };
		7D21939728DFDCD3008E2845 /* Assets.xcassets */ = {isa = PBXFileReference; lastKnownFileType = folder.assetcatalog; path = Assets.xcassets; sourceTree = "<group>"; };
		7D21939A28DFDCD3008E2845 /* Preview Assets.xcassets */ = {isa = PBXFileReference; lastKnownFileType = folder.assetcatalog; path = "Preview Assets.xcassets"; sourceTree = "<group>"; };
/* End PBXFileReference section */

/* Begin PBXFrameworksBuildPhase section */
		7D21938D28DFDCD1008E2845 /* Frameworks */ = {
			isa = PBXFrameworksBuildPhase;
			buildActionMask = 2147483647;
			files = (
			);
			runOnlyForDeploymentPostprocessing = 0;
		};
/* End PBXFrameworksBuildPhase section */

/* Begin PBXGroup section */
		7D21938728DFDCD1008E2845 = {
			isa = PBXGroup;
			children = (
				7D21939228DFDCD1008E2845 /* Mckesson+ */,
				7D21939128DFDCD1008E2845 /* Products */,
			);
			sourceTree = "<group>";
		};
		7D21939128DFDCD1008E2845 /* Products */ = {
			isa = PBXGroup;
			children = (
				7D21939028DFDCD1008E2845 /* Mckesson+.app */,
			);
			name = Products;
			sourceTree = "<group>";
		};
		7D21939228DFDCD1008E2845 /* Mckesson+ */ = {
			isa = PBXGroup;
			children = (
				7D2193A128DFDDEF008E2845 /* Views */,
				7D21939328DFDCD1008E2845 /* Mckesson_App.swift */,
				7D21939528DFDCD1008E2845 /* ContentView.swift */,
				7D21939728DFDCD3008E2845 /* Assets.xcassets */,
				7D21939928DFDCD3008E2845 /* Preview Content */,
			);
			path = "Mckesson+";
			sourceTree = "<group>";
		};
		7D21939928DFDCD3008E2845 /* Preview Content */ = {
			isa = PBXGroup;
			children = (
				42044DA528DFF5BE0072AE75 /* Mckesson+ */,
				7D21939A28DFDCD3008E2845 /* Preview Assets.xcassets */,
			);
			path = "Preview Content";
			sourceTree = "<group>";
		};
		7D2193A128DFDDEF008E2845 /* Views */ = {
			isa = PBXGroup;
			children = (
				42044DA628DFF5FD0072AE75 /* login.swift */,
				42044DA128DFF4BC0072AE75 /* Supplies.swift */,
				42044DA328DFF4C20072AE75 /* Summary.swift */,
				42044D9F28DFF49E0072AE75 /* Camera.swift */,
			);
			path = Views;
			sourceTree = "<group>";
		};
/* End PBXGroup section */

/* Begin PBXNativeTarget section */
		7D21938F28DFDCD1008E2845 /* Mckesson+ */ = {
			isa = PBXNativeTarget;
			buildConfigurationList = 7D21939E28DFDCD3008E2845 /* Build configuration list for PBXNativeTarget "Mckesson+" */;
			buildPhases = (
				7D21938C28DFDCD1008E2845 /* Sources */,
				7D21938D28DFDCD1008E2845 /* Frameworks */,
				7D21938E28DFDCD1008E2845 /* Resources */,
			);
			buildRules = (
			);
			dependencies = (
			);
			name = "Mckesson+";
			productName = "Mckesson+";
			productReference = 7D21939028DFDCD1008E2845 /* Mckesson+.app */;
			productType = "com.apple.product-type.application";
		};
/* End PBXNativeTarget section */

/* Begin PBXProject section */
		7D21938828DFDCD1008E2845 /* Project object */ = {
			isa = PBXProject;
			attributes = {
				BuildIndependentTargetsInParallel = 1;
				LastSwiftUpdateCheck = 1400;
				LastUpgradeCheck = 1400;
				TargetAttributes = {
					7D21938F28DFDCD1008E2845 = {
						CreatedOnToolsVersion = 14.0;
					};
				};
			};
			buildConfigurationList = 7D21938B28DFDCD1008E2845 /* Build configuration list for PBXProject "Mckesson+" */;
			compatibilityVersion = "Xcode 14.0";
			developmentRegion = en;
			hasScannedForEncodings = 0;
			knownRegions = (
				en,
				Base,
			);
			mainGroup = 7D21938728DFDCD1008E2845;
			productRefGroup = 7D21939128DFDCD1008E2845 /* Products */;
			projectDirPath = "";
			projectRoot = "";
			targets = (
				7D21938F28DFDCD1008E2845 /* Mckesson+ */,
			);
		};
/* End PBXProject section */

/* Begin PBXResourcesBuildPhase section */
		7D21938E28DFDCD1008E2845 /* Resources */ = {
			isa = PBXResourcesBuildPhase;
			buildActionMask = 2147483647;
			files = (
				7D21939B28DFDCD3008E2845 /* Preview Assets.xcassets in Resources */,
				7D21939828DFDCD3008E2845 /* Assets.xcassets in Resources */,
			);
			runOnlyForDeploymentPostprocessing = 0;
		};
/* End PBXResourcesBuildPhase section */

/* Begin PBXSourcesBuildPhase section */
		7D21938C28DFDCD1008E2845 /* Sources */ = {
			isa = PBXSourcesBuildPhase;
			buildActionMask = 2147483647;
			files = (
				42044DA228DFF4BC0072AE75 /* Supplies.swift in Sources */,
				42044DA728DFF5FD0072AE75 /* login.swift in Sources */,
				42044DA028DFF49E0072AE75 /* Camera.swift in Sources */,
				7D21939628DFDCD1008E2845 /* ContentView.swift in Sources */,
				42044DA428DFF4C20072AE75 /* Summary.swift in Sources */,
				7D21939428DFDCD1008E2845 /* Mckesson_App.swift in Sources */,
			);
			runOnlyForDeploymentPostprocessing = 0;
		};
/* End PBXSourcesBuildPhase section */

/* Begin XCBuildConfiguration section */
		7D21939C28DFDCD3008E2845 /* Debug */ = {
			isa = XCBuildConfiguration;
			buildSettings = {
				ALWAYS_SEARCH_USER_PATHS = NO;
				CLANG_ANALYZER_NONNULL = YES;
				CLANG_ANALYZER_NUMBER_OBJECT_CONVERSION = YES_AGGRESSIVE;
				CLANG_CXX_LANGUAGE_STANDARD = "gnu++20";
				CLANG_ENABLE_MODULES = YES;
				CLANG_ENABLE_OBJC_ARC = YES;
				CLANG_ENABLE_OBJC_WEAK = YES;
				CLANG_WARN_BLOCK_CAPTURE_AUTORELEASING = YES;
				CLANG_WARN_BOOL_CONVERSION = YES;
				CLANG_WARN_COMMA = YES;
				CLANG_WARN_CONSTANT_CONVERSION = YES;
				CLANG_WARN_DEPRECATED_OBJC_IMPLEMENTATIONS = YES;
				CLANG_WARN_DIRECT_OBJC_ISA_USAGE = YES_ERROR;
				CLANG_WARN_DOCUMENTATION_COMMENTS = YES;
				CLANG_WARN_EMPTY_BODY = YES;
				CLANG_WARN_ENUM_CONVERSION = YES;
				CLANG_WARN_INFINITE_RECURSION = YES;
				CLANG_WARN_INT_CONVERSION = YES;
				CLANG_WARN_NON_LITERAL_NULL_CONVERSION = YES;
				CLANG_WARN_OBJC_IMPLICIT_RETAIN_SELF = YES;
				CLANG_WARN_OBJC_LITERAL_CONVERSION = YES;
				CLANG_WARN_OBJC_ROOT_CLASS = YES_ERROR;
				CLANG_WARN_QUOTED_INCLUDE_IN_FRAMEWORK_HEADER = YES;
				CLANG_WARN_RANGE_LOOP_ANALYSIS = YES;
				CLANG_WARN_STRICT_PROTOTYPES = YES;
				CLANG_WARN_SUSPICIOUS_MOVE = YES;
				CLANG_WARN_UNGUARDED_AVAILABILITY = YES_AGGRESSIVE;
				CLANG_WARN_UNREACHABLE_CODE = YES;
				CLANG_WARN__DUPLICATE_METHOD_MATCH = YES;
				COPY_PHASE_STRIP = NO;
				DEBUG_INFORMATION_FORMAT = dwarf;
				ENABLE_STRICT_OBJC_MSGSEND = YES;
				ENABLE_TESTABILITY = YES;
				GCC_C_LANGUAGE_STANDARD = gnu11;
				GCC_DYNAMIC_NO_PIC = NO;
				GCC_NO_COMMON_BLOCKS = YES;
				GCC_OPTIMIZATION_LEVEL = 0;
				GCC_PREPROCESSOR_DEFINITIONS = (
					"DEBUG=1",
					"$(inherited)",
				);
				GCC_WARN_64_TO_32_BIT_CONVERSION = YES;
				GCC_WARN_ABOUT_RETURN_TYPE = YES_ERROR;
				GCC_WARN_UNDECLARED_SELECTOR = YES;
				GCC_WARN_UNINITIALIZED_AUTOS = YES_AGGRESSIVE;
				GCC_WARN_UNUSED_FUNCTION = YES;
				GCC_WARN_UNUSED_VARIABLE = YES;
				IPHONEOS_DEPLOYMENT_TARGET = 16.0;
				MTL_ENABLE_DEBUG_INFO = INCLUDE_SOURCE;
				MTL_FAST_MATH = YES;
				ONLY_ACTIVE_ARCH = YES;
				SDKROOT = iphoneos;
				SWIFT_ACTIVE_COMPILATION_CONDITIONS = DEBUG;
				SWIFT_OPTIMIZATION_LEVEL = "-Onone";
			};
			name = Debug;
		};
		7D21939D28DFDCD3008E2845 /* Release */ = {
			isa = XCBuildConfiguration;
			buildSettings = {
				ALWAYS_SEARCH_USER_PATHS = NO;
				CLANG_ANALYZER_NONNULL = YES;
				CLANG_ANALYZER_NUMBER_OBJECT_CONVERSION = YES_AGGRESSIVE;
				CLANG_CXX_LANGUAGE_STANDARD = "gnu++20";
				CLANG_ENABLE_MODULES = YES;
				CLANG_ENABLE_OBJC_ARC = YES;
				CLANG_ENABLE_OBJC_WEAK = YES;
				CLANG_WARN_BLOCK_CAPTURE_AUTORELEASING = YES;
				CLANG_WARN_BOOL_CONVERSION = YES;
				CLANG_WARN_COMMA = YES;
				CLANG_WARN_CONSTANT_CONVERSION = YES;
				CLANG_WARN_DEPRECATED_OBJC_IMPLEMENTATIONS = YES;
				CLANG_WARN_DIRECT_OBJC_ISA_USAGE = YES_ERROR;
				CLANG_WARN_DOCUMENTATION_COMMENTS = YES;
				CLANG_WARN_EMPTY_BODY = YES;
				CLANG_WARN_ENUM_CONVERSION = YES;
				CLANG_WARN_INFINITE_RECURSION = YES;
				CLANG_WARN_INT_CONVERSION = YES;
				CLANG_WARN_NON_LITERAL_NULL_CONVERSION = YES;
				CLANG_WARN_OBJC_IMPLICIT_RETAIN_SELF = YES;
				CLANG_WARN_OBJC_LITERAL_CONVERSION = YES;
				CLANG_WARN_OBJC_ROOT_CLASS = YES_ERROR;
				CLANG_WARN_QUOTED_INCLUDE_IN_FRAMEWORK_HEADER = YES;
				CLANG_WARN_RANGE_LOOP_ANALYSIS = YES;
				CLANG_WARN_STRICT_PROTOTYPES = YES;
				CLANG_WARN_SUSPICIOUS_MOVE = YES;
				CLANG_WARN_UNGUARDED_AVAILABILITY = YES_AGGRESSIVE;
				CLANG_WARN_UNREACHABLE_CODE = YES;
				CLANG_WARN__DUPLICATE_METHOD_MATCH = YES;
				COPY_PHASE_STRIP = NO;
				DEBUG_INFORMATION_FORMAT = "dwarf-with-dsym";
				ENABLE_NS_ASSERTIONS = NO;
				ENABLE_STRICT_OBJC_MSGSEND = YES;
				GCC_C_LANGUAGE_STANDARD = gnu11;
				GCC_NO_COMMON_BLOCKS = YES;
				GCC_WARN_64_TO_32_BIT_CONVERSION = YES;
				GCC_WARN_ABOUT_RETURN_TYPE = YES_ERROR;
				GCC_WARN_UNDECLARED_SELECTOR = YES;
				GCC_WARN_UNINITIALIZED_AUTOS = YES_AGGRESSIVE;
				GCC_WARN_UNUSED_FUNCTION = YES;
				GCC_WARN_UNUSED_VARIABLE = YES;
				IPHONEOS_DEPLOYMENT_TARGET = 16.0;
				MTL_ENABLE_DEBUG_INFO = NO;
				MTL_FAST_MATH = YES;
				SDKROOT = iphoneos;
				SWIFT_COMPILATION_MODE = wholemodule;
				SWIFT_OPTIMIZATION_LEVEL = "-O";
				VALIDATE_PRODUCT = YES;
			};
			name = Release;
		};
		7D21939F28DFDCD3008E2845 /* Debug */ = {
			isa = XCBuildConfiguration;
			buildSettings = {
				ASSETCATALOG_COMPILER_APPICON_NAME = AppIcon;
				ASSETCATALOG_COMPILER_GLOBAL_ACCENT_COLOR_NAME = AccentColor;
				CODE_SIGN_STYLE = Automatic;
				CURRENT_PROJECT_VERSION = 1;
				DEVELOPMENT_ASSET_PATHS = "\"Mckesson+/Preview Content\"";
				DEVELOPMENT_TEAM = ZAMF72W866;
				ENABLE_PREVIEWS = YES;
				GENERATE_INFOPLIST_FILE = YES;
				INFOPLIST_KEY_UIApplicationSceneManifest_Generation = YES;
				INFOPLIST_KEY_UIApplicationSupportsIndirectInputEvents = YES;
				INFOPLIST_KEY_UILaunchScreen_Generation = YES;
				INFOPLIST_KEY_UISupportedInterfaceOrientations_iPad = "UIInterfaceOrientationPortrait UIInterfaceOrientationPortraitUpsideDown UIInterfaceOrientationLandscapeLeft UIInterfaceOrientationLandscapeRight";
				INFOPLIST_KEY_UISupportedInterfaceOrientations_iPhone = "UIInterfaceOrientationPortrait UIInterfaceOrientationLandscapeLeft UIInterfaceOrientationLandscapeRight";
				LD_RUNPATH_SEARCH_PATHS = (
					"$(inherited)",
					"@executable_path/Frameworks",
				);
				MARKETING_VERSION = 1.0;
				PRODUCT_BUNDLE_IDENTIFIER = "com.FrankGao.Mckesson-";
				PRODUCT_NAME = "$(TARGET_NAME)";
				SWIFT_EMIT_LOC_STRINGS = YES;
				SWIFT_VERSION = 5.0;
				TARGETED_DEVICE_FAMILY = "1,2";
			};
			name = Debug;
		};
		7D2193A028DFDCD3008E2845 /* Release */ = {
			isa = XCBuildConfiguration;
			buildSettings = {
				ASSETCATALOG_COMPILER_APPICON_NAME = AppIcon;
				ASSETCATALOG_COMPILER_GLOBAL_ACCENT_COLOR_NAME = AccentColor;
				CODE_SIGN_STYLE = Automatic;
				CURRENT_PROJECT_VERSION = 1;
				DEVELOPMENT_ASSET_PATHS = "\"Mckesson+/Preview Content\"";
				DEVELOPMENT_TEAM = ZAMF72W866;
				ENABLE_PREVIEWS = YES;
				GENERATE_INFOPLIST_FILE = YES;
				INFOPLIST_KEY_UIApplicationSceneManifest_Generation = YES;
				INFOPLIST_KEY_UIApplicationSupportsIndirectInputEvents = YES;
				INFOPLIST_KEY_UILaunchScreen_Generation = YES;
				INFOPLIST_KEY_UISupportedInterfaceOrientations_iPad = "UIInterfaceOrientationPortrait UIInterfaceOrientationPortraitUpsideDown UIInterfaceOrientationLandscapeLeft UIInterfaceOrientationLandscapeRight";
				INFOPLIST_KEY_UISupportedInterfaceOrientations_iPhone = "UIInterfaceOrientationPortrait UIInterfaceOrientationLandscapeLeft UIInterfaceOrientationLandscapeRight";
				LD_RUNPATH_SEARCH_PATHS = (
					"$(inherited)",
					"@executable_path/Frameworks",
				);
				MARKETING_VERSION = 1.0;
				PRODUCT_BUNDLE_IDENTIFIER = "com.FrankGao.Mckesson-";
				PRODUCT_NAME = "$(TARGET_NAME)";
				SWIFT_EMIT_LOC_STRINGS = YES;
				SWIFT_VERSION = 5.0;
				TARGETED_DEVICE_FAMILY = "1,2";
			};
			name = Release;
		};
/* End XCBuildConfiguration section */

/* Begin XCConfigurationList section */
		7D21938B28DFDCD1008E2845 /* Build configuration list for PBXProject "Mckesson+" */ = {
			isa = XCConfigurationList;
			buildConfigurations = (
				7D21939C28DFDCD3008E2845 /* Debug */,
				7D21939D28DFDCD3008E2845 /* Release */,
			);
			defaultConfigurationIsVisible = 0;
			defaultConfigurationName = Release;
		};
		7D21939E28DFDCD3008E2845 /* Build configuration list for PBXNativeTarget "Mckesson+" */ = {
			isa = XCConfigurationList;
			buildConfigurations = (
				7D21939F28DFDCD3008E2845 /* Debug */,
				7D2193A028DFDCD3008E2845 /* Release */,
			);
			defaultConfigurationIsVisible = 0;
			defaultConfigurationName = Release;
		};
/* End XCConfigurationList section */
	};
	rootObject = 7D21938828DFDCD1008E2845 /* Project object */;
}
